<?xml version="1.0" encoding="utf-8"?>
<Project ToolsVersion="4.0" xmlns="http://schemas.microsoft.com/developer/msbuild/2003">
  <ItemGroup>
    <Filter Include="Translation Files">
      <UniqueIdentifier>{639EADAA-A684-42e4-A9AD-28FC9BCB8F7C}</UniqueIdentifier>
      <Extensions>ts</Extensions>
    </Filter>
    <Filter Include="src">
      <UniqueIdentifier>{0f02feba-51fa-45b1-8138-ef23a23fc6a5}</UniqueIdentifier>
    </Filter>
    <Filter Include="inc">
      <UniqueIdentifier>{7b568827-70b3-496b-8bac-30fb2f6034da}</UniqueIdentifier>
    </Filter>
    <Filter Include="QT Resource Files">
      <UniqueIdentifier>{67DA6AB6-F800-4c08-8B7A-83BB121AAD01}</UniqueIdentifier>
      <Extensions>qrc;rc;ico;cur;bmp;dlg;rc2;rct;bin;rgs;gif;jpg;jpeg;jpe;resx;tiff;tif;png;wav;mfcribbon-ms</Extensions>
    </Filter>
  </ItemGroup>
  <ItemGroup>
    <QtRcc Include="project.qrc">
      <Filter>QT Resource Files</Filter>
    </QtRcc>
  </ItemGroup>
  <ItemGroup>
    <ClCompile Include="src\main.cpp">
      <Filter>src</Filter>
    </ClCompile>
    <ClCompile Include="src\view.cpp">
      <Filter>src</Filter>
    </ClCompile>
    <ClCompile Include="src\CameraDrive.cpp">
      <Filter>src</Filter>
    </ClCompile>
    <ClCompile Include="src\imageProcess.cpp">
      <Filter>src</Filter>
    </ClCompile>
    <ClCompile Include="src\communication.cpp">
      <Filter>src</Filter>
    </ClCompile>
    <ClCompile Include="src\myTimer.cpp">
      <Filter>src</Filter>
    </ClCompile>
    <ClCompile Include="src\processControl.cpp">
      <Filter>src</Filter>
    </ClCompile>
    <ClCompile Include="src\local_parameter.cpp">
      <Filter>src</Filter>
    </ClCompile>
    <ClCompile Include="src\DL_interface.cpp">
      <Filter>src</Filter>
    </ClCompile>
  </ItemGroup>
  <ItemGroup>
    <QtMoc Include="inc\myQTInc\view.h">
      <Filter>inc</Filter>
    </QtMoc>
    <QtMoc Include="inc\myInc\communication.h">
      <Filter>inc</Filter>
    </QtMoc>
    <QtMoc Include="inc\myInc\processControl.h">
      <Filter>inc</Filter>
    </QtMoc>
    <QtMoc Include="inc\myInc\infoBoard.h">
      <Filter>inc</Filter>
    </QtMoc>
  </ItemGroup>
  <ItemGroup>
    <QtUic Include="view.ui">
      <Filter>QT Resource Files</Filter>
    </QtUic>
  </ItemGroup>
  <ItemGroup>
    <ClInclude Include="inc\myInc\CameraDrive.h">
      <Filter>inc</Filter>
    </ClInclude>
    <ClInclude Include="inc\myInc\imageProcess.h">
      <Filter>inc</Filter>
    </ClInclude>
    <ClInclude Include="inc\myInc\myTimer.h">
      <Filter>inc</Filter>
    </ClInclude>
    <ClInclude Include="inc\myInc\local_parameter.h">
      <Filter>inc</Filter>
    </ClInclude>
    <ClInclude Include="inc\myInc\DL_interface.h">
      <Filter>inc</Filter>
    </ClInclude>
  </ItemGroup>
</Project>